// !$*UTF8*$!
{
	archiveVersion = 1;
	classes = {
	};
	objectVersion = 77;
	objects = {

/* Begin PBXContainerItemProxy section */
		859E8E842D540554007EB378 /* PBXContainerItemProxy */ = {
			isa = PBXContainerItemProxy;
			containerPortal = 859E8E622D540551007EB378 /* Project object */;
			proxyType = 1;
			remoteGlobalIDString = 859E8E692D540551007EB378;
			remoteInfo = "todo-viper";
		};
		859E8E8E2D540554007EB378 /* PBXContainerItemProxy */ = {
			isa = PBXContainerItemProxy;
			containerPortal = 859E8E622D540551007EB378 /* Project object */;
			proxyType = 1;
			remoteGlobalIDString = 859E8E692D540551007EB378;
			remoteInfo = "todo-viper";
		};
/* End PBXContainerItemProxy section */

/* Begin PBXFileReference section */
		859E8E6A2D540551007EB378 /* todo-viper.app */ = {isa = PBXFileReference; explicitFileType = wrapper.application; includeInIndex = 0; path = "todo-viper.app"; sourceTree = BUILT_PRODUCTS_DIR; };
		859E8E832D540554007EB378 /* todo-viperTests.xctest */ = {isa = PBXFileReference; explicitFileType = wrapper.cfbundle; includeInIndex = 0; path = "todo-viperTests.xctest"; sourceTree = BUILT_PRODUCTS_DIR; };
		859E8E8D2D540554007EB378 /* todo-viperUITests.xctest */ = {isa = PBXFileReference; explicitFileType = wrapper.cfbundle; includeInIndex = 0; path = "todo-viperUITests.xctest"; sourceTree = BUILT_PRODUCTS_DIR; };
/* End PBXFileReference section */

/* Begin PBXFileSystemSynchronizedBuildFileExceptionSet section */
		859E8E952D540554007EB378 /* Exceptions for "todo-viper" folder in "todo-viper" target */ = {
			isa = PBXFileSystemSynchronizedBuildFileExceptionSet;
			membershipExceptions = (
				Info.plist,
				todo_viper.xcdatamodeld,
			);
			target = 859E8E692D540551007EB378 /* todo-viper */;
		};
/* End PBXFileSystemSynchronizedBuildFileExceptionSet section */

/* Begin PBXFileSystemSynchronizedGroupBuildPhaseMembershipExceptionSet section */
		854EDE082D54DA390000FC94 /* Exceptions for "todo-viper" folder in "Copy Bundle Resources" phase from "todo-viper" target */ = {
			isa = PBXFileSystemSynchronizedGroupBuildPhaseMembershipExceptionSet;
			buildPhase = 859E8E682D540551007EB378 /* Resources */;
			membershipExceptions = (
				todo_viper.xcdatamodeld,
			);
		};
/* End PBXFileSystemSynchronizedGroupBuildPhaseMembershipExceptionSet section */

/* Begin PBXFileSystemSynchronizedRootGroup section */
		859E8E6C2D540551007EB378 /* todo-viper */ = {
			isa = PBXFileSystemSynchronizedRootGroup;
			exceptions = (
				859E8E952D540554007EB378 /* Exceptions for "todo-viper" folder in "todo-viper" target */,
				854EDE082D54DA390000FC94 /* Exceptions for "todo-viper" folder in "Copy Bundle Resources" phase from "todo-viper" target */,
			);
			path = "todo-viper";
			sourceTree = "<group>";
		};
		859E8E862D540554007EB378 /* todo-viperTests */ = {
			isa = PBXFileSystemSynchronizedRootGroup;
			path = "todo-viperTests";
			sourceTree = "<group>";
		};
		859E8E902D540554007EB378 /* todo-viperUITests */ = {
			isa = PBXFileSystemSynchronizedRootGroup;
			path = "todo-viperUITests";
			sourceTree = "<group>";
		};
/* End PBXFileSystemSynchronizedRootGroup section */

/* Begin PBXFrameworksBuildPhase section */
		859E8E672D540551007EB378 /* Frameworks */ = {
			isa = PBXFrameworksBuildPhase;
			buildActionMask = 2147483647;
			files = (
			);
			runOnlyForDeploymentPostprocessing = 0;
		};
		859E8E802D540554007EB378 /* Frameworks */ = {
			isa = PBXFrameworksBuildPhase;
			buildActionMask = 2147483647;
			files = (
			);
			runOnlyForDeploymentPostprocessing = 0;
		};
		859E8E8A2D540554007EB378 /* Frameworks */ = {
			isa = PBXFrameworksBuildPhase;
			buildActionMask = 2147483647;
			files = (
			);
			runOnlyForDeploymentPostprocessing = 0;
		};
/* End PBXFrameworksBuildPhase section */

/* Begin PBXGroup section */
		859E8E612D540551007EB378 = {
			isa = PBXGroup;
			children = (
				859E8E6C2D540551007EB378 /* todo-viper */,
				859E8E862D540554007EB378 /* todo-viperTests */,
				859E8E902D540554007EB378 /* todo-viperUITests */,
				859E8E6B2D540551007EB378 /* Products */,
			);
			sourceTree = "<group>";
		};
		859E8E6B2D540551007EB378 /* Products */ = {
			isa = PBXGroup;
			children = (
				859E8E6A2D540551007EB378 /* todo-viper.app */,
				859E8E832D540554007EB378 /* todo-viperTests.xctest */,
				859E8E8D2D540554007EB378 /* todo-viperUITests.xctest */,
			);
			name = Products;
			sourceTree = "<group>";
		};
/* End PBXGroup section */

/* Begin PBXNativeTarget section */
		859E8E692D540551007EB378 /* todo-viper */ = {
			isa = PBXNativeTarget;
			buildConfigurationList = 859E8E962D540554007EB378 /* Build configuration list for PBXNativeTarget "todo-viper" */;
			buildPhases = (
				859E8E662D540551007EB378 /* Sources */,
				859E8E672D540551007EB378 /* Frameworks */,
				859E8E682D540551007EB378 /* Resources */,
			);
			buildRules = (
			);
			dependencies = (
			);
			fileSystemSynchronizedGroups = (
				859E8E6C2D540551007EB378 /* todo-viper */,
			);
			name = "todo-viper";
			packageProductDependencies = (
			);
			productName = "todo-viper";
			productReference = 859E8E6A2D540551007EB378 /* todo-viper.app */;
			productType = "com.apple.product-type.application";
		};
		859E8E822D540554007EB378 /* todo-viperTests */ = {
			isa = PBXNativeTarget;
			buildConfigurationList = 859E8E9B2D540554007EB378 /* Build configuration list for PBXNativeTarget "todo-viperTests" */;
			buildPhases = (
				859E8E7F2D540554007EB378 /* Sources */,
				859E8E802D540554007EB378 /* Frameworks */,
				859E8E812D540554007EB378 /* Resources */,
			);
			buildRules = (
			);
			dependencies = (
				859E8E852D540554007EB378 /* PBXTargetDependency */,
			);
			fileSystemSynchronizedGroups = (
				859E8E862D540554007EB378 /* todo-viperTests */,
			);
			name = "todo-viperTests";
			packageProductDependencies = (
			);
			productName = "todo-viperTests";
			productReference = 859E8E832D540554007EB378 /* todo-viperTests.xctest */;
			productType = "com.apple.product-type.bundle.unit-test";
		};
		859E8E8C2D540554007EB378 /* todo-viperUITests */ = {
			isa = PBXNativeTarget;
			buildConfigurationList = 859E8E9E2D540554007EB378 /* Build configuration list for PBXNativeTarget "todo-viperUITests" */;
			buildPhases = (
				859E8E892D540554007EB378 /* Sources */,
				859E8E8A2D540554007EB378 /* Frameworks */,
				859E8E8B2D540554007EB378 /* Resources */,
			);
			buildRules = (
			);
			dependencies = (
				859E8E8F2D540554007EB378 /* PBXTargetDependency */,
			);
			fileSystemSynchronizedGroups = (
				859E8E902D540554007EB378 /* todo-viperUITests */,
			);
			name = "todo-viperUITests";
			packageProductDependencies = (
			);
			productName = "todo-viperUITests";
			productReference = 859E8E8D2D540554007EB378 /* todo-viperUITests.xctest */;
			productType = "com.apple.product-type.bundle.ui-testing";
		};
/* End PBXNativeTarget section */

/* Begin PBXProject section */
		859E8E622D540551007EB378 /* Project object */ = {
			isa = PBXProject;
			attributes = {
				BuildIndependentTargetsInParallel = 1;
				LastSwiftUpdateCheck = 1620;
				LastUpgradeCheck = 1620;
				TargetAttributes = {
					859E8E692D540551007EB378 = {
						CreatedOnToolsVersion = 16.2;
					};
					859E8E822D540554007EB378 = {
						CreatedOnToolsVersion = 16.2;
						TestTargetID = 859E8E692D540551007EB378;
					};
					859E8E8C2D540554007EB378 = {
						CreatedOnToolsVersion = 16.2;
						TestTargetID = 859E8E692D540551007EB378;
					};
				};
			};
			buildConfigurationList = 859E8E652D540551007EB378 /* Build configuration list for PBXProject "todo-viper" */;
			developmentRegion = en;
			hasScannedForEncodings = 0;
			knownRegions = (
				en,
				Base,
			);
			mainGroup = 859E8E612D540551007EB378;
			minimizedProjectReferenceProxies = 1;
			preferredProjectObjectVersion = 77;
			productRefGroup = 859E8E6B2D540551007EB378 /* Products */;
			projectDirPath = "";
			projectRoot = "";
			targets = (
				859E8E692D540551007EB378 /* todo-viper */,
				859E8E822D540554007EB378 /* todo-viperTests */,
				859E8E8C2D540554007EB378 /* todo-viperUITests */,
			);
		};
/* End PBXProject section */

/* Begin PBXResourcesBuildPhase section */
		859E8E682D540551007EB378 /* Resources */ = {
			isa = PBXResourcesBuildPhase;
			buildActionMask = 2147483647;
			files = (
			);
			runOnlyForDeploymentPostprocessing = 0;
		};
		859E8E812D540554007EB378 /* Resources */ = {
			isa = PBXResourcesBuildPhase;
			buildActionMask = 2147483647;
			files = (
			);
			runOnlyForDeploymentPostprocessing = 0;
		};
		859E8E8B2D540554007EB378 /* Resources */ = {
			isa = PBXResourcesBuildPhase;
			buildActionMask = 2147483647;
			files = (
			);
			runOnlyForDeploymentPostprocessing = 0;
		};
/* End PBXResourcesBuildPhase section */

/* Begin PBXSourcesBuildPhase section */
		859E8E662D540551007EB378 /* Sources */ = {
			isa = PBXSourcesBuildPhase;
			buildActionMask = 2147483647;
			files = (
			);
			runOnlyForDeploymentPostprocessing = 0;
		};
		859E8E7F2D540554007EB378 /* Sources */ = {
			isa = PBXSourcesBuildPhase;
			buildActionMask = 2147483647;
			files = (
			);
			runOnlyForDeploymentPostprocessing = 0;
		};
		859E8E892D540554007EB378 /* Sources */ = {
			isa = PBXSourcesBuildPhase;
			buildActionMask = 2147483647;
			files = (
			);
			runOnlyForDeploymentPostprocessing = 0;
		};
/* End PBXSourcesBuildPhase section */

/* Begin PBXTargetDependency section */
		859E8E852D540554007EB378 /* PBXTargetDependency */ = {
			isa = PBXTargetDependency;
			target = 859E8E692D540551007EB378 /* todo-viper */;
			targetProxy = 859E8E842D540554007EB378 /* PBXContainerItemProxy */;
		};
		859E8E8F2D540554007EB378 /* PBXTargetDependency */ = {
			isa = PBXTargetDependency;
			target = 859E8E692D540551007EB378 /* todo-viper */;
			targetProxy = 859E8E8E2D540554007EB378 /* PBXContainerItemProxy */;
		};
/* End PBXTargetDependency section */

/* Begin XCBuildConfiguration section */
		859E8E972D540554007EB378 /* Debug */ = {
			isa = XCBuildConfiguration;
			buildSettings = {
				ASSETCATALOG_COMPILER_APPICON_NAME = AppIcon;
				ASSETCATALOG_COMPILER_GLOBAL_ACCENT_COLOR_NAME = AccentColor;
				CODE_SIGN_STYLE = Automatic;
				CURRENT_PROJECT_VERSION = 1;
				DEVELOPMENT_TEAM = 6YANNN5W87;
				GENERATE_INFOPLIST_FILE = YES;
				INFOPLIST_FILE = "todo-viper/Info.plist";
				INFOPLIST_KEY_UIApplicationSupportsIndirectInputEvents = YES;
				INFOPLIST_KEY_UILaunchStoryboardName = LaunchScreen;
				INFOPLIST_KEY_UISupportedInterfaceOrientations_iPad = "UIInterfaceOrientationPortrait UIInterfaceOrientationPortraitUpsideDown UIInterfaceOrientationLandscapeLeft UIInterfaceOrientationLandscapeRight";
				INFOPLIST_KEY_UISupportedInterfaceOrientations_iPhone = "UIInterfaceOrientationPortrait UIInterfaceOrientationLandscapeLeft UIInterfaceOrientationLandscapeRight";
				LD_RUNPATH_SEARCH_PATHS = (
					"$(inherited)",
					"@executable_path/Frameworks",
				);
				MARKETING_VERSION = 1.0;
				PRODUCT_BUNDLE_IDENTIFIER = "uk.todo-viper";
				PRODUCT_NAME = "$(TARGET_NAME)";
				SWIFT_EMIT_LOC_STRINGS = YES;
				SWIFT_VERSION = 5.0;
				TARGETED_DEVICE_FAMILY = "1,2";
			};
			name = Debug;
		};
		859E8E982D540554007EB378 /* Release */ = {
			isa = XCBuildConfiguration;
			buildSettings = {
				ASSETCATALOG_COMPILER_APPICON_NAME = AppIcon;
				ASSETCATALOG_COMPILER_GLOBAL_ACCENT_COLOR_NAME = AccentColor;
				CODE_SIGN_STYLE = Automatic;
				CURRENT_PROJECT_VERSION = 1;
				DEVELOPMENT_TEAM = 6YANNN5W87;
				GENERATE_INFOPLIST_FILE = YES;
				INFOPLIST_FILE = "todo-viper/Info.plist";
				INFOPLIST_KEY_UIApplicationSupportsIndirectInputEvents = YES;
				INFOPLIST_KEY_UILaunchStoryboardName = LaunchScreen;
				INFOPLIST_KEY_UISupportedInterfaceOrientations_iPad = "UIInterfaceOrientationPortrait UIInterfaceOrientationPortraitUpsideDown UIInterfaceOrientationLandscapeLeft UIInterfaceOrientationLandscapeRight";
				INFOPLIST_KEY_UISupportedInterfaceOrientations_iPhone = "UIInterfaceOrientationPortrait UIInterfaceOrientationLandscapeLeft UIInterfaceOrientationLandscapeRight";
				LD_RUNPATH_SEARCH_PATHS = (
					"$(inherited)",
					"@executable_path/Frameworks",
				);
				MARKETING_VERSION = 1.0;
				PRODUCT_BUNDLE_IDENTIFIER = "uk.todo-viper";
				PRODUCT_NAME = "$(TARGET_NAME)";
				SWIFT_EMIT_LOC_STRINGS = YES;
				SWIFT_VERSION = 5.0;
				TARGETED_DEVICE_FAMILY = "1,2";
			};
			name = Release;
		};
		859E8E992D540554007EB378 /* Debug */ = {
			isa = XCBuildConfiguration;
			buildSettings = {
				ALWAYS_SEARCH_USER_PATHS = NO;
				ASSETCATALOG_COMPILER_GENERATE_SWIFT_ASSET_SYMBOL_EXTENSIONS = YES;
				CLANG_ANALYZER_NONNULL = YES;
				CLANG_ANALYZER_NUMBER_OBJECT_CONVERSION = YES_AGGRESSIVE;
				CLANG_CXX_LANGUAGE_STANDARD = "gnu++20";
				CLANG_ENABLE_MODULES = YES;
				CLANG_ENABLE_OBJC_ARC = YES;
				CLANG_ENABLE_OBJC_WEAK = YES;
				CLANG_WARN_BLOCK_CAPTURE_AUTORELEASING = YES;
				CLANG_WARN_BOOL_CONVERSION = YES;
				CLANG_WARN_COMMA = YES;
				CLANG_WARN_CONSTANT_CONVERSION = YES;
				CLANG_WARN_DEPRECATED_OBJC_IMPLEMENTATIONS = YES;
				CLANG_WARN_DIRECT_OBJC_ISA_USAGE = YES_ERROR;
				CLANG_WARN_DOCUMENTATION_COMMENTS = YES;
				CLANG_WARN_EMPTY_BODY = YES;
				CLANG_WARN_ENUM_CONVERSION = YES;
				CLANG_WARN_INFINITE_RECURSION = YES;
				CLANG_WARN_INT_CONVERSION = YES;
				CLANG_WARN_NON_LITERAL_NULL_CONVERSION = YES;
				CLANG_WARN_OBJC_IMPLICIT_RETAIN_SELF = YES;
				CLANG_WARN_OBJC_LITERAL_CONVERSION = YES;
				CLANG_WARN_OBJC_ROOT_CLASS = YES_ERROR;
				CLANG_WARN_QUOTED_INCLUDE_IN_FRAMEWORK_HEADER = YES;
				CLANG_WARN_RANGE_LOOP_ANALYSIS = YES;
				CLANG_WARN_STRICT_PROTOTYPES = YES;
				CLANG_WARN_SUSPICIOUS_MOVE = YES;
				CLANG_WARN_UNGUARDED_AVAILABILITY = YES_AGGRESSIVE;
				CLANG_WARN_UNREACHABLE_CODE = YES;
				CLANG_WARN__DUPLICATE_METHOD_MATCH = YES;
				COPY_PHASE_STRIP = NO;
				DEBUG_INFORMATION_FORMAT = dwarf;
				ENABLE_STRICT_OBJC_MSGSEND = YES;
				ENABLE_TESTABILITY = YES;
				ENABLE_USER_SCRIPT_SANDBOXING = YES;
				GCC_C_LANGUAGE_STANDARD = gnu17;
				GCC_DYNAMIC_NO_PIC = NO;
				GCC_NO_COMMON_BLOCKS = YES;
				GCC_OPTIMIZATION_LEVEL = 0;
				GCC_PREPROCESSOR_DEFINITIONS = (
					"DEBUG=1",
					"$(inherited)",
				);
				GCC_WARN_64_TO_32_BIT_CONVERSION = YES;
				GCC_WARN_ABOUT_RETURN_TYPE = YES_ERROR;
				GCC_WARN_UNDECLARED_SELECTOR = YES;
				GCC_WARN_UNINITIALIZED_AUTOS = YES_AGGRESSIVE;
				GCC_WARN_UNUSED_FUNCTION = YES;
				GCC_WARN_UNUSED_VARIABLE = YES;
				IPHONEOS_DEPLOYMENT_TARGET = 18.2;
				LOCALIZATION_PREFERS_STRING_CATALOGS = YES;
				MTL_ENABLE_DEBUG_INFO = INCLUDE_SOURCE;
				MTL_FAST_MATH = YES;
				ONLY_ACTIVE_ARCH = YES;
				SDKROOT = iphoneos;
				SWIFT_ACTIVE_COMPILATION_CONDITIONS = "DEBUG $(inherited)";
				SWIFT_OPTIMIZATION_LEVEL = "-Onone";
			};
			name = Debug;
		};
		859E8E9A2D540554007EB378 /* Release */ = {
			isa = XCBuildConfiguration;
			buildSettings = {
				ALWAYS_SEARCH_USER_PATHS = NO;
				ASSETCATALOG_COMPILER_GENERATE_SWIFT_ASSET_SYMBOL_EXTENSIONS = YES;
				CLANG_ANALYZER_NONNULL = YES;
				CLANG_ANALYZER_NUMBER_OBJECT_CONVERSION = YES_AGGRESSIVE;
				CLANG_CXX_LANGUAGE_STANDARD = "gnu++20";
				CLANG_ENABLE_MODULES = YES;
				CLANG_ENABLE_OBJC_ARC = YES;
				CLANG_ENABLE_OBJC_WEAK = YES;
				CLANG_WARN_BLOCK_CAPTURE_AUTORELEASING = YES;
				CLANG_WARN_BOOL_CONVERSION = YES;
				CLANG_WARN_COMMA = YES;
				CLANG_WARN_CONSTANT_CONVERSION = YES;
				CLANG_WARN_DEPRECATED_OBJC_IMPLEMENTATIONS = YES;
				CLANG_WARN_DIRECT_OBJC_ISA_USAGE = YES_ERROR;
				CLANG_WARN_DOCUMENTATION_COMMENTS = YES;
				CLANG_WARN_EMPTY_BODY = YES;
				CLANG_WARN_ENUM_CONVERSION = YES;
				CLANG_WARN_INFINITE_RECURSION = YES;
				CLANG_WARN_INT_CONVERSION = YES;
				CLANG_WARN_NON_LITERAL_NULL_CONVERSION = YES;
				CLANG_WARN_OBJC_IMPLICIT_RETAIN_SELF = YES;
				CLANG_WARN_OBJC_LITERAL_CONVERSION = YES;
				CLANG_WARN_OBJC_ROOT_CLASS = YES_ERROR;
				CLANG_WARN_QUOTED_INCLUDE_IN_FRAMEWORK_HEADER = YES;
				CLANG_WARN_RANGE_LOOP_ANALYSIS = YES;
				CLANG_WARN_STRICT_PROTOTYPES = YES;
				CLANG_WARN_SUSPICIOUS_MOVE = YES;
				CLANG_WARN_UNGUARDED_AVAILABILITY = YES_AGGRESSIVE;
				CLANG_WARN_UNREACHABLE_CODE = YES;
				CLANG_WARN__DUPLICATE_METHOD_MATCH = YES;
				COPY_PHASE_STRIP = NO;
				DEBUG_INFORMATION_FORMAT = "dwarf-with-dsym";
				ENABLE_NS_ASSERTIONS = NO;
				ENABLE_STRICT_OBJC_MSGSEND = YES;
				ENABLE_USER_SCRIPT_SANDBOXING = YES;
				GCC_C_LANGUAGE_STANDARD = gnu17;
				GCC_NO_COMMON_BLOCKS = YES;
				GCC_WARN_64_TO_32_BIT_CONVERSION = YES;
				GCC_WARN_ABOUT_RETURN_TYPE = YES_ERROR;
				GCC_WARN_UNDECLARED_SELECTOR = YES;
				GCC_WARN_UNINITIALIZED_AUTOS = YES_AGGRESSIVE;
				GCC_WARN_UNUSED_FUNCTION = YES;
				GCC_WARN_UNUSED_VARIABLE = YES;
				IPHONEOS_DEPLOYMENT_TARGET = 18.2;
				LOCALIZATION_PREFERS_STRING_CATALOGS = YES;
				MTL_ENABLE_DEBUG_INFO = NO;
				MTL_FAST_MATH = YES;
				SDKROOT = iphoneos;
				SWIFT_COMPILATION_MODE = wholemodule;
				VALIDATE_PRODUCT = YES;
			};
			name = Release;
		};
		859E8E9C2D540554007EB378 /* Debug */ = {
			isa = XCBuildConfiguration;
			buildSettings = {
				BUNDLE_LOADER = "$(TEST_HOST)";
				CODE_SIGN_STYLE = Automatic;
				CURRENT_PROJECT_VERSION = 1;
				DEVELOPMENT_TEAM = 6YANNN5W87;
				GENERATE_INFOPLIST_FILE = YES;
				IPHONEOS_DEPLOYMENT_TARGET = 18.2;
				MARKETING_VERSION = 1.0;
				PRODUCT_BUNDLE_IDENTIFIER = "uk.todo-viperTests";
				PRODUCT_NAME = "$(TARGET_NAME)";
				SWIFT_EMIT_LOC_STRINGS = NO;
				SWIFT_VERSION = 5.0;
				TARGETED_DEVICE_FAMILY = "1,2";
				TEST_HOST = "$(BUILT_PRODUCTS_DIR)/todo-viper.app/$(BUNDLE_EXECUTABLE_FOLDER_PATH)/todo-viper";
			};
			name = Debug;
		};
		859E8E9D2D540554007EB378 /* Release */ = {
			isa = XCBuildConfiguration;
			buildSettings = {
				BUNDLE_LOADER = "$(TEST_HOST)";
				CODE_SIGN_STYLE = Automatic;
				CURRENT_PROJECT_VERSION = 1;
				DEVELOPMENT_TEAM = 6YANNN5W87;
				GENERATE_INFOPLIST_FILE = YES;
				IPHONEOS_DEPLOYMENT_TARGET = 18.2;
				MARKETING_VERSION = 1.0;
				PRODUCT_BUNDLE_IDENTIFIER = "uk.todo-viperTests";
				PRODUCT_NAME = "$(TARGET_NAME)";
				SWIFT_EMIT_LOC_STRINGS = NO;
				SWIFT_VERSION = 5.0;
				TARGETED_DEVICE_FAMILY = "1,2";
				TEST_HOST = "$(BUILT_PRODUCTS_DIR)/todo-viper.app/$(BUNDLE_EXECUTABLE_FOLDER_PATH)/todo-viper";
			};
			name = Release;
		};
		859E8E9F2D540554007EB378 /* Debug */ = {
			isa = XCBuildConfiguration;
			buildSettings = {
				CODE_SIGN_STYLE = Automatic;
				CURRENT_PROJECT_VERSION = 1;
				DEVELOPMENT_TEAM = 6YANNN5W87;
				GENERATE_INFOPLIST_FILE = YES;
				MARKETING_VERSION = 1.0;
				PRODUCT_BUNDLE_IDENTIFIER = "uk.todo-viperUITests";
				PRODUCT_NAME = "$(TARGET_NAME)";
				SWIFT_EMIT_LOC_STRINGS = NO;
				SWIFT_VERSION = 5.0;
				TARGETED_DEVICE_FAMILY = "1,2";
				TEST_TARGET_NAME = "todo-viper";
			};
			name = Debug;
		};
		859E8EA02D540554007EB378 /* Release */ = {
			isa = XCBuildConfiguration;
			buildSettings = {
				CODE_SIGN_STYLE = Automatic;
				CURRENT_PROJECT_VERSION = 1;
				DEVELOPMENT_TEAM = 6YANNN5W87;
				GENERATE_INFOPLIST_FILE = YES;
				MARKETING_VERSION = 1.0;
				PRODUCT_BUNDLE_IDENTIFIER = "uk.todo-viperUITests";
				PRODUCT_NAME = "$(TARGET_NAME)";
				SWIFT_EMIT_LOC_STRINGS = NO;
				SWIFT_VERSION = 5.0;
				TARGETED_DEVICE_FAMILY = "1,2";
				TEST_TARGET_NAME = "todo-viper";
			};
			name = Release;
		};
/* End XCBuildConfiguration section */

/* Begin XCConfigurationList section */
		859E8E652D540551007EB378 /* Build configuration list for PBXProject "todo-viper" */ = {
			isa = XCConfigurationList;
			buildConfigurations = (
				859E8E992D540554007EB378 /* Debug */,
				859E8E9A2D540554007EB378 /* Release */,
			);
			defaultConfigurationIsVisible = 0;
			defaultConfigurationName = Release;
		};
		859E8E962D540554007EB378 /* Build configuration list for PBXNativeTarget "todo-viper" */ = {
			isa = XCConfigurationList;
			buildConfigurations = (
				859E8E972D540554007EB378 /* Debug */,
				859E8E982D540554007EB378 /* Release */,
			);
			defaultConfigurationIsVisible = 0;
			defaultConfigurationName = Release;
		};
		859E8E9B2D540554007EB378 /* Build configuration list for PBXNativeTarget "todo-viperTests" */ = {
			isa = XCConfigurationList;
			buildConfigurations = (
				859E8E9C2D540554007EB378 /* Debug */,
				859E8E9D2D540554007EB378 /* Release */,
			);
			defaultConfigurationIsVisible = 0;
			defaultConfigurationName = Release;
		};
		859E8E9E2D540554007EB378 /* Build configuration list for PBXNativeTarget "todo-viperUITests" */ = {
			isa = XCConfigurationList;
			buildConfigurations = (
				859E8E9F2D540554007EB378 /* Debug */,
				859E8EA02D540554007EB378 /* Release */,
			);
			defaultConfigurationIsVisible = 0;
			defaultConfigurationName = Release;
		};
/* End XCConfigurationList section */
	};
	rootObject = 859E8E622D540551007EB378 /* Project object */;
}
